
Microsoft Visual Studio Solution File, Format Version 12.00
# Visual Studio Version 17
VisualStudioVersion = 17.4.33122.133
MinimumVisualStudioVersion = 10.0.40219.1
Project("{9A19103F-16F7-4668-BE54-9A1E7A4F7556}") = "HelthFundAPI", "HelthFundAPI.csproj", "{F5E88014-3735-40E8-B954-4A3A735ACA22}"
EndProject
Project("{9A19103F-16F7-4668-BE54-9A1E7A4F7556}") = "HelthFundMVC", "..\HelthFundMVC\HelthFundMVC.csproj", "{F865FC65-5BB3-40FB-BC5F-1534860805CD}"
EndProject
Project("{FAE04EC0-301F-11D3-BF4B-00C04F79EFBC}") = "HelthFundData", "..\HelthFundData\HelthFundData.csproj", "{ED2A44C3-453C-4B6E-9B73-0A8AAC61B494}"
EndProject
Global
	GlobalSection(SolutionConfigurationPlatforms) = preSolution
		Debug|Any CPU = Debug|Any CPU
		Release|Any CPU = Release|Any CPU
	EndGlobalSection
	GlobalSection(ProjectConfigurationPlatforms) = postSolution
		{F5E88014-3735-40E8-B954-4A3A735ACA22}.Debug|Any CPU.ActiveCfg = Debug|Any CPU
		{F5E88014-3735-40E8-B954-4A3A735ACA22}.Debug|Any CPU.Build.0 = Debug|Any CPU
		{F5E88014-3735-40E8-B954-4A3A735ACA22}.Release|Any CPU.ActiveCfg = Release|Any CPU
		{F5E88014-3735-40E8-B954-4A3A735ACA22}.Release|Any CPU.Build.0 = Release|Any CPU
		{F865FC65-5BB3-40FB-BC5F-1534860805CD}.Debug|Any CPU.ActiveCfg = Debug|Any CPU
		{F865FC65-5BB3-40FB-BC5F-1534860805CD}.Debug|Any CPU.Build.0 = Debug|Any CPU
		{F865FC65-5BB3-40FB-BC5F-1534860805CD}.Release|Any CPU.ActiveCfg = Release|Any CPU
		{F865FC65-5BB3-40FB-BC5F-1534860805CD}.Release|Any CPU.Build.0 = Release|Any CPU
		{ED2A44C3-453C-4B6E-9B73-0A8AAC61B494}.Debug|Any CPU.ActiveCfg = Debug|Any CPU
		{ED2A44C3-453C-4B6E-9B73-0A8AAC61B494}.Debug|Any CPU.Build.0 = Debug|Any CPU
		{ED2A44C3-453C-4B6E-9B73-0A8AAC61B494}.Release|Any CPU.ActiveCfg = Release|Any CPU
		{ED2A44C3-453C-4B6E-9B73-0A8AAC61B494}.Release|Any CPU.Build.0 = Release|Any CPU
	EndGlobalSection
	GlobalSection(SolutionProperties) = preSolution
		HideSolutionNode = FALSE
	EndGlobalSection
	GlobalSection(ExtensibilityGlobals) = postSolution
		SolutionGuid = {29244384-DD39-4338-BC30-F50539C8FEEF}
	EndGlobalSection
EndGlobal
